Microsoft Visual Studio Solution File, Format Version 8.00
Project("{8BC9CEB8-8B4A-11D0-8D11-00A0C91BC942}") = "DbTest", "DbTest.vcproj", "{CA2002E9-4130-4511-BB1D-253FDC068FB8}"
	ProjectSection(ProjectDependencies) = postProject
	EndProjectSection
EndProject
Global
	GlobalSection(SolutionConfiguration) = preSolution
		Debug = Debug
		Release = Release
		Release UNICODE = Release UNICODE
	EndGlobalSection
	GlobalSection(ProjectConfiguration) = postSolution
		{CA2002E9-4130-4511-BB1D-253FDC068FB8}.Debug.ActiveCfg = Debug|Win32
		{CA2002E9-4130-4511-BB1D-253FDC068FB8}.Debug.Build.0 = Debug|Win32
		{CA2002E9-4130-4511-BB1D-253FDC068FB8}.Release.ActiveCfg = Release|Win32
		{CA2002E9-4130-4511-BB1D-253FDC068FB8}.Release.Build.0 = Release|Win32
		{CA2002E9-4130-4511-BB1D-253FDC068FB8}.Release UNICODE.ActiveCfg = Release UNICODE|Win32
		{CA2002E9-4130-4511-BB1D-253FDC068FB8}.Release UNICODE.Build.0 = Release UNICODE|Win32
	EndGlobalSection
	GlobalSection(ExtensibilityGlobals) = postSolution
	EndGlobalSection
	GlobalSection(ExtensibilityAddIns) = postSolution
	EndGlobalSection
EndGlobal
