Microsoft Visual Studio Solution File, Format Version 10.00
# Visual Studio 2008
Project("{8BC9CEB8-8B4A-11D0-8D11-00A0C91BC942}") = "DbTest", "DbTest.vcproj", "{CA2002E9-4130-4511-BB1D-253FDC068FB8}"
EndProject
Global
	GlobalSection(SolutionConfigurationPlatforms) = preSolution
		Debug|Win32 = Debug|Win32
		Release UNICODE|Win32 = Release UNICODE|Win32
		Release|Win32 = Release|Win32
	EndGlobalSection
	GlobalSection(ProjectConfigurationPlatforms) = postSolution
		{CA2002E9-4130-4511-BB1D-253FDC068FB8}.Debug|Win32.ActiveCfg = Debug|Win32
		{CA2002E9-4130-4511-BB1D-253FDC068FB8}.Debug|Win32.Build.0 = Debug|Win32
		{CA2002E9-4130-4511-BB1D-253FDC068FB8}.Release UNICODE|Win32.ActiveCfg = Release UNICODE|Win32
		{CA2002E9-4130-4511-BB1D-253FDC068FB8}.Release UNICODE|Win32.Build.0 = Release UNICODE|Win32
		{CA2002E9-4130-4511-BB1D-253FDC068FB8}.Release|Win32.ActiveCfg = Release|Win32
		{CA2002E9-4130-4511-BB1D-253FDC068FB8}.Release|Win32.Build.0 = Release|Win32
	EndGlobalSection
	GlobalSection(SolutionProperties) = preSolution
		HideSolutionNode = FALSE
	EndGlobalSection
EndGlobal
